
Microsoft Visual Studio Solution File, Format Version 12.00
# Visual Studio Version 16
VisualStudioVersion = 16.0.29503.13
MinimumVisualStudioVersion = 10.0.40219.1
Project("{FAE04EC0-301F-11D3-BF4B-00C04F79EFBC}") = "TodoApi", "TodoApi\TodoApi.csproj", "{F7F1F9BC-6C39-41A3-96FB-1CB53BFF3C2D}"
EndProject
Global
	GlobalSection(SolutionConfigurationPlatforms) = preSolution
		Debug|Any CPU = Debug|Any CPU
		Release|Any CPU = Release|Any CPU
	EndGlobalSection
	GlobalSection(ProjectConfigurationPlatforms) = postSolution
		{F7F1F9BC-6C39-41A3-96FB-1CB53BFF3C2D}.Debug|Any CPU.ActiveCfg = Debug|Any CPU
		{F7F1F9BC-6C39-41A3-96FB-1CB53BFF3C2D}.Debug|Any CPU.Build.0 = Debug|Any CPU
		{F7F1F9BC-6C39-41A3-96FB-1CB53BFF3C2D}.Release|Any CPU.ActiveCfg = Release|Any CPU
		{F7F1F9BC-6C39-41A3-96FB-1CB53BFF3C2D}.Release|Any CPU.Build.0 = Release|Any CPU
	EndGlobalSection
	GlobalSection(SolutionProperties) = preSolution
		HideSolutionNode = FALSE
	EndGlobalSection
	GlobalSection(ExtensibilityGlobals) = postSolution
		SolutionGuid = {3771C454-78BE-45C1-B878-DC53B643BD49}
	EndGlobalSection
EndGlobal
